
Microsoft Visual Studio Solution File, Format Version 12.00
# Visual Studio Version 17
VisualStudioVersion = 17.2.32519.379
MinimumVisualStudioVersion = 10.0.40219.1
Project("{FAE04EC0-301F-11D3-BF4B-00C04F79EFBC}") = "CalculatorAppWPF", "CalculatorAppWPF.csproj", "{D1ABB29F-9729-40C3-BDC5-A7437668552A}"
EndProject
Global
	GlobalSection(SolutionConfigurationPlatforms) = preSolution
		Debug|Any CPU = Debug|Any CPU
		Release|Any CPU = Release|Any CPU
	EndGlobalSection
	GlobalSection(ProjectConfigurationPlatforms) = postSolution
		{D1ABB29F-9729-40C3-BDC5-A7437668552A}.Debug|Any CPU.ActiveCfg = Debug|Any CPU
		{D1ABB29F-9729-40C3-BDC5-A7437668552A}.Debug|Any CPU.Build.0 = Debug|Any CPU
		{D1ABB29F-9729-40C3-BDC5-A7437668552A}.Release|Any CPU.ActiveCfg = Release|Any CPU
		{D1ABB29F-9729-40C3-BDC5-A7437668552A}.Release|Any CPU.Build.0 = Release|Any CPU
	EndGlobalSection
	GlobalSection(SolutionProperties) = preSolution
		HideSolutionNode = FALSE
	EndGlobalSection
	GlobalSection(ExtensibilityGlobals) = postSolution
		SolutionGuid = {C2A8B9EF-8212-47DF-B396-D821213BD2D6}
	EndGlobalSection
EndGlobal
